
Microsoft Visual Studio Solution File, Format Version 12.00
# Visual Studio 15
VisualStudioVersion = 15.0.28307.168
MinimumVisualStudioVersion = 10.0.40219.1
Project("{FAE04EC0-301F-11D3-BF4B-00C04F79EFBC}") = "FootballPredictor", "FootballPredictor\FootballPredictor.csproj", "{56E55451-F900-47CC-8485-5FE9CA91E23C}"
EndProject
Project("{FAE04EC0-301F-11D3-BF4B-00C04F79EFBC}") = "Randomness", "Randomness\Randomness.csproj", "{FA494E82-B89D-4D41-8EE5-B2AA1449CA40}"
EndProject
Global
	GlobalSection(SolutionConfigurationPlatforms) = preSolution
		Debug|Any CPU = Debug|Any CPU
		Release|Any CPU = Release|Any CPU
	EndGlobalSection
	GlobalSection(ProjectConfigurationPlatforms) = postSolution
		{56E55451-F900-47CC-8485-5FE9CA91E23C}.Debug|Any CPU.ActiveCfg = Debug|Any CPU
		{56E55451-F900-47CC-8485-5FE9CA91E23C}.Debug|Any CPU.Build.0 = Debug|Any CPU
		{56E55451-F900-47CC-8485-5FE9CA91E23C}.Release|Any CPU.ActiveCfg = Release|Any CPU
		{56E55451-F900-47CC-8485-5FE9CA91E23C}.Release|Any CPU.Build.0 = Release|Any CPU
		{FA494E82-B89D-4D41-8EE5-B2AA1449CA40}.Debug|Any CPU.ActiveCfg = Debug|Any CPU
		{FA494E82-B89D-4D41-8EE5-B2AA1449CA40}.Debug|Any CPU.Build.0 = Debug|Any CPU
		{FA494E82-B89D-4D41-8EE5-B2AA1449CA40}.Release|Any CPU.ActiveCfg = Release|Any CPU
		{FA494E82-B89D-4D41-8EE5-B2AA1449CA40}.Release|Any CPU.Build.0 = Release|Any CPU
	EndGlobalSection
	GlobalSection(SolutionProperties) = preSolution
		HideSolutionNode = FALSE
	EndGlobalSection
	GlobalSection(ExtensibilityGlobals) = postSolution
		SolutionGuid = {DA26C5A8-F341-4145-B204-DE79D557AC28}
	EndGlobalSection
EndGlobal
